<?xml version="1.0" encoding="utf-8"?>
<Project ToolsVersion="4.0" xmlns="http://schemas.microsoft.com/developer/msbuild/2003">
  <ItemGroup>
    <Filter Include="소스 파일">
      <UniqueIdentifier>{4FC737F1-C7A5-4376-A066-2A32D752A2FF}</UniqueIdentifier>
      <Extensions>cpp;c;cc;cxx;def;odl;idl;hpj;bat;asm;asmx</Extensions>
    </Filter>
    <Filter Include="헤더 파일">
      <UniqueIdentifier>{93995380-89BD-4b04-88EB-625FBE52EBFB}</UniqueIdentifier>
      <Extensions>h;hpp;hxx;hm;inl;inc;xsd</Extensions>
    </Filter>
    <Filter Include="리소스 파일">
      <UniqueIdentifier>{67DA6AB6-F800-4c08-8B7A-83BB121AAD01}</UniqueIdentifier>
      <Extensions>rc;ico;cur;bmp;dlg;rc2;rct;bin;rgs;gif;jpg;jpeg;jpe;resx;tiff;tif;png;wav;mfcribbon-ms</Extensions>
    </Filter>
    <Filter Include="소스 파일\Cpbase">
      <UniqueIdentifier>{ec5ddc10-691a-44ff-b10e-b02171d85ec8}</UniqueIdentifier>
    </Filter>
    <Filter Include="소스 파일\Cpbase\Scene">
      <UniqueIdentifier>{48893154-6cfd-4abc-a50d-681305b740cb}</UniqueIdentifier>
    </Filter>
    <Filter Include="소스 파일\Cpbase\System">
      <UniqueIdentifier>{40c30566-0638-4564-9db5-cb0ca68fc197}</UniqueIdentifier>
    </Filter>
    <Filter Include="소스 파일\Cpbase\Graphic">
      <UniqueIdentifier>{99359b3a-dc9b-4c54-908d-afd53044fa8e}</UniqueIdentifier>
    </Filter>
    <Filter Include="소스 파일\Cpbase\Data">
      <UniqueIdentifier>{812f3bda-9fae-4503-a1ec-07910914ae07}</UniqueIdentifier>
    </Filter>
    <Filter Include="소스 파일\Cpbase\GameObject">
      <UniqueIdentifier>{e05ee9f5-fbf3-4ab8-9563-9bc26d70e23b}</UniqueIdentifier>
    </Filter>
    <Filter Include="소스 파일\Cpbase\Debug">
      <UniqueIdentifier>{4893d709-40ff-4b5a-9d5c-7e8648bf3ddf}</UniqueIdentifier>
    </Filter>
    <Filter Include="소스 파일\Cpbase\Log">
      <UniqueIdentifier>{4e6f2fe8-eb7e-47ce-bfa9-248ab0292874}</UniqueIdentifier>
    </Filter>
    <Filter Include="소스 파일\Cpbase\input">
      <UniqueIdentifier>{f9164289-2329-4d13-a844-c245e8cba6fe}</UniqueIdentifier>
    </Filter>
    <Filter Include="소스 파일\Cpbase\Task">
      <UniqueIdentifier>{23c87275-5b15-4380-8857-99ce415601b3}</UniqueIdentifier>
    </Filter>
    <Filter Include="소스 파일\Cpbase\Audio">
      <UniqueIdentifier>{20d5d9dc-44bc-4a6b-8bda-1107017043cd}</UniqueIdentifier>
    </Filter>
    <Filter Include="소스 파일\Cpbase\Util">
      <UniqueIdentifier>{abf2c90c-671e-449b-97db-eb43a28600c0}</UniqueIdentifier>
    </Filter>
    <Filter Include="소스 파일\Cpbase\TTF">
      <UniqueIdentifier>{b287b4a1-4284-456e-a3f4-b99463104470}</UniqueIdentifier>
    </Filter>
    <Filter Include="소스 파일\Cpbase\Window">
      <UniqueIdentifier>{b1ff69ec-2b1b-4c75-9876-7021b8a3f6b5}</UniqueIdentifier>
    </Filter>
    <Filter Include="소스 파일\Cpbase\Event">
      <UniqueIdentifier>{e6e7352e-46cf-4779-a9f4-68c4a6ab2eee}</UniqueIdentifier>
    </Filter>
  </ItemGroup>
  <ItemGroup>
    <Text Include="ReadMe.txt" />
  </ItemGroup>
  <ItemGroup>
    <ClInclude Include="targetver.h">
      <Filter>헤더 파일</Filter>
    </ClInclude>
    <ClInclude Include="Cpbase\Scene\SceneManager.h">
      <Filter>소스 파일\Cpbase\Scene</Filter>
    </ClInclude>
    <ClInclude Include="Cpbase\Graphic\Sprite.h">
      <Filter>소스 파일\Cpbase\Graphic</Filter>
    </ClInclude>
    <ClInclude Include="Cpbase\System\Core.h">
      <Filter>소스 파일\Cpbase\System</Filter>
    </ClInclude>
    <ClInclude Include="Cpbase\Graphic\Graphic.h">
      <Filter>소스 파일\Cpbase\Graphic</Filter>
    </ClInclude>
    <ClInclude Include="Cpbase\Graphic\BlendMode.h">
      <Filter>소스 파일\Cpbase\Graphic</Filter>
    </ClInclude>
    <ClInclude Include="Cpbase\Data\Point.h">
      <Filter>소스 파일\Cpbase\Data</Filter>
    </ClInclude>
    <ClInclude Include="Cpbase\CpBase.h">
      <Filter>소스 파일\Cpbase</Filter>
    </ClInclude>
    <ClInclude Include="Cpbase\GameObject\GameObject.h">
      <Filter>소스 파일\Cpbase\GameObject</Filter>
    </ClInclude>
    <ClInclude Include="Cpbase\Data\Rect.h">
      <Filter>소스 파일\Cpbase\Data</Filter>
    </ClInclude>
    <ClInclude Include="Cpbase\GameObject\Layer.h">
      <Filter>소스 파일\Cpbase\GameObject</Filter>
    </ClInclude>
    <ClInclude Include="Cpbase\GameObject\ZOrder.h">
      <Filter>소스 파일\Cpbase\GameObject</Filter>
    </ClInclude>
    <ClInclude Include="Cpbase\GameObject\ObjectManager.h">
      <Filter>소스 파일\Cpbase\GameObject</Filter>
    </ClInclude>
    <ClInclude Include="Cpbase\Log\Log.h">
      <Filter>소스 파일\Cpbase\Log</Filter>
    </ClInclude>
    <ClInclude Include="Cpbase\Input\Keyboard.h">
      <Filter>소스 파일\Cpbase\input</Filter>
    </ClInclude>
    <ClInclude Include="Cpbase\Input\KeyCode.h">
      <Filter>소스 파일\Cpbase\input</Filter>
    </ClInclude>
    <ClInclude Include="Cpbase\System\SystemManager.h">
      <Filter>소스 파일\Cpbase\System</Filter>
    </ClInclude>
    <ClInclude Include="Cpbase\Input\Mouse.h">
      <Filter>소스 파일\Cpbase\input</Filter>
    </ClInclude>
    <ClInclude Include="Cpbase\Task\AsyncTask.h">
      <Filter>소스 파일\Cpbase\Task</Filter>
    </ClInclude>
    <ClInclude Include="Cpbase\Task\Task.h">
      <Filter>소스 파일\Cpbase\Task</Filter>
    </ClInclude>
    <ClInclude Include="Cpbase\Audio\Sound.h">
      <Filter>소스 파일\Cpbase\Audio</Filter>
    </ClInclude>
    <ClInclude Include="Cpbase\Audio\SoundManager.h">
      <Filter>소스 파일\Cpbase\Audio</Filter>
    </ClInclude>
    <ClInclude Include="Cpbase\Audio\SoundStream.h">
      <Filter>소스 파일\Cpbase\Audio</Filter>
    </ClInclude>
    <ClInclude Include="Cpbase\Data\make.h">
      <Filter>소스 파일\Cpbase\Data</Filter>
    </ClInclude>
    <ClInclude Include="Cpbase\Graphic\SpriteNumber.h">
      <Filter>소스 파일\Cpbase\Graphic</Filter>
    </ClInclude>
    <ClInclude Include="Cpbase\Task\DelayedTask.h">
      <Filter>소스 파일\Cpbase\Task</Filter>
    </ClInclude>
    <ClInclude Include="Cpbase\Task\TaskManager.h">
      <Filter>소스 파일\Cpbase\Task</Filter>
    </ClInclude>
    <ClInclude Include="Cpbase\Task\RepeatedTask.h">
      <Filter>소스 파일\Cpbase\Task</Filter>
    </ClInclude>
    <ClInclude Include="Cpbase\Util\Random.h">
      <Filter>소스 파일\Cpbase\Util</Filter>
    </ClInclude>
    <ClInclude Include="Cpbase\TTF\Font.h">
      <Filter>소스 파일\Cpbase\TTF</Filter>
    </ClInclude>
    <ClInclude Include="Cpbase\TTF\han2unicode.h">
      <Filter>소스 파일\Cpbase\TTF</Filter>
    </ClInclude>
    <ClInclude Include="Cpbase\Event\EventHandler.h">
      <Filter>소스 파일\Cpbase\Event</Filter>
    </ClInclude>
    <ClInclude Include="Cpbase\Event\Event.h">
      <Filter>소스 파일\Cpbase\Event</Filter>
    </ClInclude>
    <ClInclude Include="Cpbase\Event\EventManager.h">
      <Filter>소스 파일\Cpbase\Event</Filter>
    </ClInclude>
    <ClInclude Include="Cpbase\Event\EventType.h">
      <Filter>소스 파일\Cpbase\Event</Filter>
    </ClInclude>
    <ClInclude Include="Cpbase\Graphic\Texture.h">
      <Filter>소스 파일\Cpbase\Graphic</Filter>
    </ClInclude>
  </ItemGroup>
  <ItemGroup>
    <ClCompile Include="Cppie.cpp">
      <Filter>소스 파일</Filter>
    </ClCompile>
    <ClCompile Include="Cpbase\System\Object.h">
      <Filter>소스 파일\Cpbase\System</Filter>
    </ClCompile>
    <ClCompile Include="Cpbase\Scene\Scene.h">
      <Filter>소스 파일\Cpbase\Scene</Filter>
    </ClCompile>
    <ClCompile Include="Cpbase\Scene\SceneManager.cpp">
      <Filter>소스 파일\Cpbase\Scene</Filter>
    </ClCompile>
    <ClCompile Include="Cpbase\Graphic\Sprite.cpp">
      <Filter>소스 파일\Cpbase\Graphic</Filter>
    </ClCompile>
    <ClCompile Include="Cpbase\Data\Color.h">
      <Filter>소스 파일\Cpbase\Data</Filter>
    </ClCompile>
    <ClCompile Include="Cpbase\System\Core.cpp">
      <Filter>소스 파일\Cpbase\System</Filter>
    </ClCompile>
    <ClCompile Include="Cpbase\Graphic\Graphic.cpp">
      <Filter>소스 파일\Cpbase\Graphic</Filter>
    </ClCompile>
    <ClCompile Include="Cpbase\Data\Color.cpp">
      <Filter>소스 파일\Cpbase\Data</Filter>
    </ClCompile>
    <ClCompile Include="Cpbase\Data\Point.cpp">
      <Filter>소스 파일\Cpbase\Data</Filter>
    </ClCompile>
    <ClCompile Include="Cpbase\GameObject\Layer.cpp">
      <Filter>소스 파일\Cpbase\GameObject</Filter>
    </ClCompile>
    <ClCompile Include="Cpbase\GameObject\ObjectManager.cpp">
      <Filter>소스 파일\Cpbase\GameObject</Filter>
    </ClCompile>
    <ClCompile Include="Cpbase\Log\Log.cpp">
      <Filter>소스 파일\Cpbase\Log</Filter>
    </ClCompile>
    <ClCompile Include="Cpbase\Input\Keyboard.cpp">
      <Filter>소스 파일\Cpbase\input</Filter>
    </ClCompile>
    <ClCompile Include="Cpbase\System\SystemManager.cpp">
      <Filter>소스 파일\Cpbase\System</Filter>
    </ClCompile>
    <ClCompile Include="Cpbase\Input\Mouse.cpp">
      <Filter>소스 파일\Cpbase\input</Filter>
    </ClCompile>
    <ClCompile Include="Cpbase\Task\AsyncTask.cpp">
      <Filter>소스 파일\Cpbase\Task</Filter>
    </ClCompile>
    <ClCompile Include="Cpbase\Task\Task.cpp">
      <Filter>소스 파일\Cpbase\Task</Filter>
    </ClCompile>
    <ClCompile Include="Cpbase\Audio\Sound.cpp">
      <Filter>소스 파일\Cpbase\Audio</Filter>
    </ClCompile>
    <ClCompile Include="Cpbase\Audio\SoundManager.cpp">
      <Filter>소스 파일\Cpbase\Audio</Filter>
    </ClCompile>
    <ClCompile Include="Cpbase\Audio\SoundStream.cpp">
      <Filter>소스 파일\Cpbase\Audio</Filter>
    </ClCompile>
    <ClCompile Include="Cpbase\Data\make.cpp">
      <Filter>소스 파일\Cpbase\Data</Filter>
    </ClCompile>
    <ClCompile Include="Cpbase\Graphic\SpriteNumber.cpp">
      <Filter>소스 파일\Cpbase\Graphic</Filter>
    </ClCompile>
    <ClCompile Include="Cpbase\Task\DelayedTask.cpp">
      <Filter>소스 파일\Cpbase\Task</Filter>
    </ClCompile>
    <ClCompile Include="Cpbase\Task\TaskManager.cpp">
      <Filter>소스 파일\Cpbase\Task</Filter>
    </ClCompile>
    <ClCompile Include="Cpbase\Task\RepeatedTask.cpp">
      <Filter>소스 파일\Cpbase\Task</Filter>
    </ClCompile>
    <ClCompile Include="Cpbase\Event\EventManager.cpp">
      <Filter>소스 파일\Cpbase\Event</Filter>
    </ClCompile>
    <ClCompile Include="Cpbase\Event\EventHandler.cpp">
      <Filter>소스 파일\Cpbase\Event</Filter>
    </ClCompile>
    <ClCompile Include="Cpbase\TTF\Font.cpp">
      <Filter>소스 파일\Cpbase\TTF</Filter>
    </ClCompile>
    <ClCompile Include="Cpbase\Graphic\Texture.cpp">
      <Filter>소스 파일\Cpbase\Graphic</Filter>
    </ClCompile>
  </ItemGroup>
</Project>